
Microsoft Visual Studio Solution File, Format Version 12.00
# Visual Studio Version 17
VisualStudioVersion = 17.11.35312.102
MinimumVisualStudioVersion = 10.0.40219.1
Project("{FAE04EC0-301F-11D3-BF4B-00C04F79EFBC}") = "SunnyUi_ManualUseDemo", "SunnyUi_ManualUseDemo.csproj", "{0868E801-1A15-4E5E-9482-30BDD800DE54}"
EndProject
Project("{FAE04EC0-301F-11D3-BF4B-00C04F79EFBC}") = "ZedGrephManualUserDemo", "导入的项目文件\ZedGrephManualUserDemo\ZedGrephManualUserDemo.csproj", "{4B400B48-EA3A-4B64-B3D7-4448A0027F43}"
EndProject
Project("{FAE04EC0-301F-11D3-BF4B-00C04F79EFBC}") = "ZedGraph.Demo", "导入的项目文件\InteractiveDemo\ZedGraph.Demo.csproj", "{C9FDF2E8-0776-4DA5-AEA9-ED847D85F9C7}"
EndProject
Project("{FAE04EC0-301F-11D3-BF4B-00C04F79EFBC}") = "ZGControlTest", "导入的项目文件\ZGControlTest\ZGControlTest.csproj", "{E34DD39C-7E93-40C9-B72B-2E5709003CF3}"
EndProject
Global
	GlobalSection(SolutionConfigurationPlatforms) = preSolution
		Debug|Any CPU = Debug|Any CPU
		Release|Any CPU = Release|Any CPU
	EndGlobalSection
	GlobalSection(ProjectConfigurationPlatforms) = postSolution
		{0868E801-1A15-4E5E-9482-30BDD800DE54}.Debug|Any CPU.ActiveCfg = Debug|Any CPU
		{0868E801-1A15-4E5E-9482-30BDD800DE54}.Debug|Any CPU.Build.0 = Debug|Any CPU
		{0868E801-1A15-4E5E-9482-30BDD800DE54}.Release|Any CPU.ActiveCfg = Release|Any CPU
		{0868E801-1A15-4E5E-9482-30BDD800DE54}.Release|Any CPU.Build.0 = Release|Any CPU
		{4B400B48-EA3A-4B64-B3D7-4448A0027F43}.Debug|Any CPU.ActiveCfg = Debug|Any CPU
		{4B400B48-EA3A-4B64-B3D7-4448A0027F43}.Debug|Any CPU.Build.0 = Debug|Any CPU
		{4B400B48-EA3A-4B64-B3D7-4448A0027F43}.Release|Any CPU.ActiveCfg = Release|Any CPU
		{4B400B48-EA3A-4B64-B3D7-4448A0027F43}.Release|Any CPU.Build.0 = Release|Any CPU
		{C9FDF2E8-0776-4DA5-AEA9-ED847D85F9C7}.Debug|Any CPU.ActiveCfg = Debug|Any CPU
		{C9FDF2E8-0776-4DA5-AEA9-ED847D85F9C7}.Debug|Any CPU.Build.0 = Debug|Any CPU
		{C9FDF2E8-0776-4DA5-AEA9-ED847D85F9C7}.Release|Any CPU.ActiveCfg = Release|Any CPU
		{C9FDF2E8-0776-4DA5-AEA9-ED847D85F9C7}.Release|Any CPU.Build.0 = Release|Any CPU
		{E34DD39C-7E93-40C9-B72B-2E5709003CF3}.Debug|Any CPU.ActiveCfg = Debug|Any CPU
		{E34DD39C-7E93-40C9-B72B-2E5709003CF3}.Debug|Any CPU.Build.0 = Debug|Any CPU
		{E34DD39C-7E93-40C9-B72B-2E5709003CF3}.Release|Any CPU.ActiveCfg = Release|Any CPU
		{E34DD39C-7E93-40C9-B72B-2E5709003CF3}.Release|Any CPU.Build.0 = Release|Any CPU
	EndGlobalSection
	GlobalSection(SolutionProperties) = preSolution
		HideSolutionNode = FALSE
	EndGlobalSection
	GlobalSection(ExtensibilityGlobals) = postSolution
		SolutionGuid = {F81A2A4B-21C7-4B90-8BF9-ACCA71B3F8D6}
	EndGlobalSection
EndGlobal
